
Microsoft Visual Studio Solution File, Format Version 12.00
# Visual Studio Version 17
VisualStudioVersion = 17.14.36414.22 d17.14
MinimumVisualStudioVersion = 10.0.40219.1
Project("{FAE04EC0-301F-11D3-BF4B-00C04F79EFBC}") = "ExtractPngFromChituboxFile", "ExtractPngFromChituboxFile\ExtractPngFromChituboxFile.csproj", "{4AA11117-4777-44F5-B23C-773AC1E89E71}"
EndProject
Project("{FAE04EC0-301F-11D3-BF4B-00C04F79EFBC}") = "UVtools.Core", "UVtools.Core\UVtools.Core.csproj", "{7EA4A030-AB85-6B37-DAD9-F969A8AD1595}"
EndProject
Global
	GlobalSection(SolutionConfigurationPlatforms) = preSolution
		Debug|Any CPU = Debug|Any CPU
		Release|Any CPU = Release|Any CPU
	EndGlobalSection
	GlobalSection(ProjectConfigurationPlatforms) = postSolution
		{4AA11117-4777-44F5-B23C-773AC1E89E71}.Debug|Any CPU.ActiveCfg = Debug|Any CPU
		{4AA11117-4777-44F5-B23C-773AC1E89E71}.Debug|Any CPU.Build.0 = Debug|Any CPU
		{4AA11117-4777-44F5-B23C-773AC1E89E71}.Release|Any CPU.ActiveCfg = Release|Any CPU
		{4AA11117-4777-44F5-B23C-773AC1E89E71}.Release|Any CPU.Build.0 = Release|Any CPU
		{7EA4A030-AB85-6B37-DAD9-F969A8AD1595}.Debug|Any CPU.ActiveCfg = Debug|Any CPU
		{7EA4A030-AB85-6B37-DAD9-F969A8AD1595}.Debug|Any CPU.Build.0 = Debug|Any CPU
		{7EA4A030-AB85-6B37-DAD9-F969A8AD1595}.Release|Any CPU.ActiveCfg = Release|Any CPU
		{7EA4A030-AB85-6B37-DAD9-F969A8AD1595}.Release|Any CPU.Build.0 = Release|Any CPU
	EndGlobalSection
	GlobalSection(SolutionProperties) = preSolution
		HideSolutionNode = FALSE
	EndGlobalSection
	GlobalSection(ExtensibilityGlobals) = postSolution
		SolutionGuid = {F7E12B44-21D3-49E9-AEFC-30E8E5308030}
	EndGlobalSection
EndGlobal
