
Microsoft Visual Studio Solution File, Format Version 12.00
# Visual Studio Version 17
VisualStudioVersion = 17.14.36414.22
MinimumVisualStudioVersion = 10.0.40219.1
Project("{FAE04EC0-301F-11D3-BF4B-00C04F79EFBC}") = "ExtractPngFromChituboxFile", "ExtractPngFromChituboxFile\ExtractPngFromChituboxFile.csproj", "{4AA11117-4777-44F5-B23C-773AC1E89E71}"
EndProject
Project("{FAE04EC0-301F-11D3-BF4B-00C04F79EFBC}") = "UVtools.Core", "UVtools.Core\UVtools.Core.csproj", "{7EA4A030-AB85-6B37-DAD9-F969A8AD1595}"
EndProject
Project("{8BC9CEB8-8B4A-11D0-8D11-00A0C91BC942}") = "CtbWrapper", "CtbWrapper\CtbWrapper.vcxproj", "{CE22F3DC-3A26-1B7F-CF18-0EC71BDA8B47}"
EndProject
Project("{FAE04EC0-301F-11D3-BF4B-00C04F79EFBC}") = "CtbExtractor", "CtbExtractor\CtbExtractor.csproj", "{A357AF4A-5176-48C0-9594-B56E58A18639}"
EndProject
Project("{8BC9CEB8-8B4A-11D0-8D11-00A0C91BC942}") = "NativeBridge", "NativeBridge\NativeBridge.vcxproj", "{E8060E01-1229-2BBB-333D-F19180B13B09}"
EndProject
Global
	GlobalSection(SolutionConfigurationPlatforms) = preSolution
		Debug|Any CPU = Debug|Any CPU
		Debug|x64 = Debug|x64
		Debug|x86 = Debug|x86
		Release|Any CPU = Release|Any CPU
		Release|x64 = Release|x64
		Release|x86 = Release|x86
	EndGlobalSection
	GlobalSection(ProjectConfigurationPlatforms) = postSolution
		{4AA11117-4777-44F5-B23C-773AC1E89E71}.Debug|Any CPU.ActiveCfg = Debug|Any CPU
		{4AA11117-4777-44F5-B23C-773AC1E89E71}.Debug|Any CPU.Build.0 = Debug|Any CPU
		{4AA11117-4777-44F5-B23C-773AC1E89E71}.Debug|x64.ActiveCfg = Debug|Any CPU
		{4AA11117-4777-44F5-B23C-773AC1E89E71}.Debug|x64.Build.0 = Debug|Any CPU
		{4AA11117-4777-44F5-B23C-773AC1E89E71}.Debug|x86.ActiveCfg = Debug|Any CPU
		{4AA11117-4777-44F5-B23C-773AC1E89E71}.Debug|x86.Build.0 = Debug|Any CPU
		{4AA11117-4777-44F5-B23C-773AC1E89E71}.Release|Any CPU.ActiveCfg = Release|Any CPU
		{4AA11117-4777-44F5-B23C-773AC1E89E71}.Release|Any CPU.Build.0 = Release|Any CPU
		{4AA11117-4777-44F5-B23C-773AC1E89E71}.Release|x64.ActiveCfg = Release|Any CPU
		{4AA11117-4777-44F5-B23C-773AC1E89E71}.Release|x64.Build.0 = Release|Any CPU
		{4AA11117-4777-44F5-B23C-773AC1E89E71}.Release|x86.ActiveCfg = Release|Any CPU
		{4AA11117-4777-44F5-B23C-773AC1E89E71}.Release|x86.Build.0 = Release|Any CPU
		{7EA4A030-AB85-6B37-DAD9-F969A8AD1595}.Debug|Any CPU.ActiveCfg = Debug|Any CPU
		{7EA4A030-AB85-6B37-DAD9-F969A8AD1595}.Debug|Any CPU.Build.0 = Debug|Any CPU
		{7EA4A030-AB85-6B37-DAD9-F969A8AD1595}.Debug|x64.ActiveCfg = Debug|Any CPU
		{7EA4A030-AB85-6B37-DAD9-F969A8AD1595}.Debug|x64.Build.0 = Debug|Any CPU
		{7EA4A030-AB85-6B37-DAD9-F969A8AD1595}.Debug|x86.ActiveCfg = Debug|Any CPU
		{7EA4A030-AB85-6B37-DAD9-F969A8AD1595}.Debug|x86.Build.0 = Debug|Any CPU
		{7EA4A030-AB85-6B37-DAD9-F969A8AD1595}.Release|Any CPU.ActiveCfg = Release|Any CPU
		{7EA4A030-AB85-6B37-DAD9-F969A8AD1595}.Release|Any CPU.Build.0 = Release|Any CPU
		{7EA4A030-AB85-6B37-DAD9-F969A8AD1595}.Release|x64.ActiveCfg = Release|Any CPU
		{7EA4A030-AB85-6B37-DAD9-F969A8AD1595}.Release|x64.Build.0 = Release|Any CPU
		{7EA4A030-AB85-6B37-DAD9-F969A8AD1595}.Release|x86.ActiveCfg = Release|Any CPU
		{7EA4A030-AB85-6B37-DAD9-F969A8AD1595}.Release|x86.Build.0 = Release|Any CPU
		{CE22F3DC-3A26-1B7F-CF18-0EC71BDA8B47}.Debug|Any CPU.ActiveCfg = Debug|x64
		{CE22F3DC-3A26-1B7F-CF18-0EC71BDA8B47}.Debug|Any CPU.Build.0 = Debug|x64
		{CE22F3DC-3A26-1B7F-CF18-0EC71BDA8B47}.Debug|x64.ActiveCfg = Debug|x64
		{CE22F3DC-3A26-1B7F-CF18-0EC71BDA8B47}.Debug|x64.Build.0 = Debug|x64
		{CE22F3DC-3A26-1B7F-CF18-0EC71BDA8B47}.Debug|x86.ActiveCfg = Debug|Win32
		{CE22F3DC-3A26-1B7F-CF18-0EC71BDA8B47}.Debug|x86.Build.0 = Debug|Win32
		{CE22F3DC-3A26-1B7F-CF18-0EC71BDA8B47}.Release|Any CPU.ActiveCfg = Release|x64
		{CE22F3DC-3A26-1B7F-CF18-0EC71BDA8B47}.Release|Any CPU.Build.0 = Release|x64
		{CE22F3DC-3A26-1B7F-CF18-0EC71BDA8B47}.Release|x64.ActiveCfg = Release|x64
		{CE22F3DC-3A26-1B7F-CF18-0EC71BDA8B47}.Release|x64.Build.0 = Release|x64
		{CE22F3DC-3A26-1B7F-CF18-0EC71BDA8B47}.Release|x86.ActiveCfg = Release|Win32
		{CE22F3DC-3A26-1B7F-CF18-0EC71BDA8B47}.Release|x86.Build.0 = Release|Win32
		{A357AF4A-5176-48C0-9594-B56E58A18639}.Debug|Any CPU.ActiveCfg = Debug|Any CPU
		{A357AF4A-5176-48C0-9594-B56E58A18639}.Debug|Any CPU.Build.0 = Debug|Any CPU
		{A357AF4A-5176-48C0-9594-B56E58A18639}.Debug|x64.ActiveCfg = Debug|Any CPU
		{A357AF4A-5176-48C0-9594-B56E58A18639}.Debug|x64.Build.0 = Debug|Any CPU
		{A357AF4A-5176-48C0-9594-B56E58A18639}.Debug|x86.ActiveCfg = Debug|Any CPU
		{A357AF4A-5176-48C0-9594-B56E58A18639}.Debug|x86.Build.0 = Debug|Any CPU
		{A357AF4A-5176-48C0-9594-B56E58A18639}.Release|Any CPU.ActiveCfg = Release|Any CPU
		{A357AF4A-5176-48C0-9594-B56E58A18639}.Release|Any CPU.Build.0 = Release|Any CPU
		{A357AF4A-5176-48C0-9594-B56E58A18639}.Release|x64.ActiveCfg = Release|Any CPU
		{A357AF4A-5176-48C0-9594-B56E58A18639}.Release|x64.Build.0 = Release|Any CPU
		{A357AF4A-5176-48C0-9594-B56E58A18639}.Release|x86.ActiveCfg = Release|Any CPU
		{A357AF4A-5176-48C0-9594-B56E58A18639}.Release|x86.Build.0 = Release|Any CPU
		{E8060E01-1229-2BBB-333D-F19180B13B09}.Debug|Any CPU.ActiveCfg = Debug|x64
		{E8060E01-1229-2BBB-333D-F19180B13B09}.Debug|Any CPU.Build.0 = Debug|x64
		{E8060E01-1229-2BBB-333D-F19180B13B09}.Debug|x64.ActiveCfg = Debug|x64
		{E8060E01-1229-2BBB-333D-F19180B13B09}.Debug|x64.Build.0 = Debug|x64
		{E8060E01-1229-2BBB-333D-F19180B13B09}.Debug|x86.ActiveCfg = Debug|Win32
		{E8060E01-1229-2BBB-333D-F19180B13B09}.Debug|x86.Build.0 = Debug|Win32
		{E8060E01-1229-2BBB-333D-F19180B13B09}.Release|Any CPU.ActiveCfg = Release|x64
		{E8060E01-1229-2BBB-333D-F19180B13B09}.Release|Any CPU.Build.0 = Release|x64
		{E8060E01-1229-2BBB-333D-F19180B13B09}.Release|x64.ActiveCfg = Release|x64
		{E8060E01-1229-2BBB-333D-F19180B13B09}.Release|x64.Build.0 = Release|x64
		{E8060E01-1229-2BBB-333D-F19180B13B09}.Release|x86.ActiveCfg = Release|Win32
		{E8060E01-1229-2BBB-333D-F19180B13B09}.Release|x86.Build.0 = Release|Win32
	EndGlobalSection
	GlobalSection(SolutionProperties) = preSolution
		HideSolutionNode = FALSE
	EndGlobalSection
	GlobalSection(ExtensibilityGlobals) = postSolution
		SolutionGuid = {F7E12B44-21D3-49E9-AEFC-30E8E5308030}
	EndGlobalSection
EndGlobal
